// !$*UTF8*$!
{
	archiveVersion = 1;
	classes = {
	};
	objectVersion = 55;
	objects = {

/* Begin PBXBuildFile section */
		4245A5A4FA9382F293CFD2CD /* Pods_UUIDs_Generator.framework in Frameworks */ = {isa = PBXBuildFile; fileRef = F7212ACEAC66CD7DC9B1EEE3 /* Pods_UUIDs_Generator.framework */; };
		B90C8B4128EC9777003D826A /* AppDelegate.swift in Sources */ = {isa = PBXBuildFile; fileRef = B90C8B4028EC9777003D826A /* AppDelegate.swift */; };
		B90C8B4328EC9777003D826A /* SceneDelegate.swift in Sources */ = {isa = PBXBuildFile; fileRef = B90C8B4228EC9777003D826A /* SceneDelegate.swift */; };
		B90C8B4528EC9777003D826A /* ViewController.swift in Sources */ = {isa = PBXBuildFile; fileRef = B90C8B4428EC9777003D826A /* ViewController.swift */; };
		B90C8B4828EC9777003D826A /* Main.storyboard in Resources */ = {isa = PBXBuildFile; fileRef = B90C8B4628EC9777003D826A /* Main.storyboard */; };
		B90C8B4A28EC977A003D826A /* Assets.xcassets in Resources */ = {isa = PBXBuildFile; fileRef = B90C8B4928EC977A003D826A /* Assets.xcassets */; };
		B90C8B4D28EC977A003D826A /* LaunchScreen.storyboard in Resources */ = {isa = PBXBuildFile; fileRef = B90C8B4B28EC977A003D826A /* LaunchScreen.storyboard */; };
		B90C8B5528EC9994003D826A /* store_icon.png in Resources */ = {isa = PBXBuildFile; fileRef = B90C8B5428EC9994003D826A /* store_icon.png */; };
/* End PBXBuildFile section */

/* Begin PBXFileReference section */
		62C75841901C16C6FD830718 /* Pods-UUIDs Generator.debug.xcconfig */ = {isa = PBXFileReference; includeInIndex = 1; lastKnownFileType = text.xcconfig; name = "Pods-UUIDs Generator.debug.xcconfig"; path = "Target Support Files/Pods-UUIDs Generator/Pods-UUIDs Generator.debug.xcconfig"; sourceTree = "<group>"; };
		962A6B1EA2B6B031E72F9D92 /* Pods-UUIDs Generator.release.xcconfig */ = {isa = PBXFileReference; includeInIndex = 1; lastKnownFileType = text.xcconfig; name = "Pods-UUIDs Generator.release.xcconfig"; path = "Target Support Files/Pods-UUIDs Generator/Pods-UUIDs Generator.release.xcconfig"; sourceTree = "<group>"; };
		B90C8B3D28EC9777003D826A /* UUIDs Generator.app */ = {isa = PBXFileReference; explicitFileType = wrapper.application; includeInIndex = 0; path = "UUIDs Generator.app"; sourceTree = BUILT_PRODUCTS_DIR; };
		B90C8B4028EC9777003D826A /* AppDelegate.swift */ = {isa = PBXFileReference; lastKnownFileType = sourcecode.swift; path = AppDelegate.swift; sourceTree = "<group>"; };
		B90C8B4228EC9777003D826A /* SceneDelegate.swift */ = {isa = PBXFileReference; lastKnownFileType = sourcecode.swift; path = SceneDelegate.swift; sourceTree = "<group>"; };
		B90C8B4428EC9777003D826A /* ViewController.swift */ = {isa = PBXFileReference; lastKnownFileType = sourcecode.swift; path = ViewController.swift; sourceTree = "<group>"; };
		B90C8B4728EC9777003D826A /* Base */ = {isa = PBXFileReference; lastKnownFileType = file.storyboard; name = Base; path = Base.lproj/Main.storyboard; sourceTree = "<group>"; };
		B90C8B4928EC977A003D826A /* Assets.xcassets */ = {isa = PBXFileReference; lastKnownFileType = folder.assetcatalog; path = Assets.xcassets; sourceTree = "<group>"; };
		B90C8B4C28EC977A003D826A /* Base */ = {isa = PBXFileReference; lastKnownFileType = file.storyboard; name = Base; path = Base.lproj/LaunchScreen.storyboard; sourceTree = "<group>"; };
		B90C8B4E28EC977A003D826A /* Info.plist */ = {isa = PBXFileReference; lastKnownFileType = text.plist.xml; path = Info.plist; sourceTree = "<group>"; };
		B90C8B5428EC9994003D826A /* store_icon.png */ = {isa = PBXFileReference; lastKnownFileType = image.png; name = store_icon.png; path = ../../../Apps/uuid_bubblewrap/store_icon.png; sourceTree = "<group>"; };
		F7212ACEAC66CD7DC9B1EEE3 /* Pods_UUIDs_Generator.framework */ = {isa = PBXFileReference; explicitFileType = wrapper.framework; includeInIndex = 0; path = Pods_UUIDs_Generator.framework; sourceTree = BUILT_PRODUCTS_DIR; };
/* End PBXFileReference section */

/* Begin PBXFrameworksBuildPhase section */
		B90C8B3A28EC9777003D826A /* Frameworks */ = {
			isa = PBXFrameworksBuildPhase;
			buildActionMask = 2147483647;
			files = (
				4245A5A4FA9382F293CFD2CD /* Pods_UUIDs_Generator.framework in Frameworks */,
			);
			runOnlyForDeploymentPostprocessing = 0;
		};
/* End PBXFrameworksBuildPhase section */

/* Begin PBXGroup section */
		6CB3E12E9BFFCC24EE9C5FBB /* Frameworks */ = {
			isa = PBXGroup;
			children = (
				F7212ACEAC66CD7DC9B1EEE3 /* Pods_UUIDs_Generator.framework */,
			);
			name = Frameworks;
			sourceTree = "<group>";
		};
		B90C8B3428EC9777003D826A = {
			isa = PBXGroup;
			children = (
				B90C8B3F28EC9777003D826A /* UUIDs Generator */,
				B90C8B3E28EC9777003D826A /* Products */,
				F7AE9E8D3FBE2ECCFCF33417 /* Pods */,
				6CB3E12E9BFFCC24EE9C5FBB /* Frameworks */,
			);
			sourceTree = "<group>";
		};
		B90C8B3E28EC9777003D826A /* Products */ = {
			isa = PBXGroup;
			children = (
				B90C8B3D28EC9777003D826A /* UUIDs Generator.app */,
			);
			name = Products;
			sourceTree = "<group>";
		};
		B90C8B3F28EC9777003D826A /* UUIDs Generator */ = {
			isa = PBXGroup;
			children = (
				B90C8B4028EC9777003D826A /* AppDelegate.swift */,
				B90C8B4228EC9777003D826A /* SceneDelegate.swift */,
				B90C8B4428EC9777003D826A /* ViewController.swift */,
				B90C8B5428EC9994003D826A /* store_icon.png */,
				B90C8B4628EC9777003D826A /* Main.storyboard */,
				B90C8B4928EC977A003D826A /* Assets.xcassets */,
				B90C8B4B28EC977A003D826A /* LaunchScreen.storyboard */,
				B90C8B4E28EC977A003D826A /* Info.plist */,
			);
			path = "UUIDs Generator";
			sourceTree = "<group>";
		};
		F7AE9E8D3FBE2ECCFCF33417 /* Pods */ = {
			isa = PBXGroup;
			children = (
				62C75841901C16C6FD830718 /* Pods-UUIDs Generator.debug.xcconfig */,
				962A6B1EA2B6B031E72F9D92 /* Pods-UUIDs Generator.release.xcconfig */,
			);
			path = Pods;
			sourceTree = "<group>";
		};
/* End PBXGroup section */

/* Begin PBXNativeTarget section */
		B90C8B3C28EC9777003D826A /* UUIDs Generator */ = {
			isa = PBXNativeTarget;
			buildConfigurationList = B90C8B5128EC977A003D826A /* Build configuration list for PBXNativeTarget "UUIDs Generator" */;
			buildPhases = (
				D016C30BF1D4428FD575E887 /* [CP] Check Pods Manifest.lock */,
				B90C8B3928EC9777003D826A /* Sources */,
				B90C8B3A28EC9777003D826A /* Frameworks */,
				B90C8B3B28EC9777003D826A /* Resources */,
				AB85048A6C85A0013E2373CB /* [CP] Embed Pods Frameworks */,
			);
			buildRules = (
			);
			dependencies = (
			);
			name = "UUIDs Generator";
			productName = "UUIDs Generator";
			productReference = B90C8B3D28EC9777003D826A /* UUIDs Generator.app */;
			productType = "com.apple.product-type.application";
		};
/* End PBXNativeTarget section */

/* Begin PBXProject section */
		B90C8B3528EC9777003D826A /* Project object */ = {
			isa = PBXProject;
			attributes = {
				BuildIndependentTargetsInParallel = 1;
				LastSwiftUpdateCheck = 1320;
				LastUpgradeCheck = 1320;
				TargetAttributes = {
					B90C8B3C28EC9777003D826A = {
						CreatedOnToolsVersion = 13.2.1;
					};
				};
			};
			buildConfigurationList = B90C8B3828EC9777003D826A /* Build configuration list for PBXProject "UUIDs Generator" */;
			compatibilityVersion = "Xcode 13.0";
			developmentRegion = en;
			hasScannedForEncodings = 0;
			knownRegions = (
				en,
				Base,
			);
			mainGroup = B90C8B3428EC9777003D826A;
			productRefGroup = B90C8B3E28EC9777003D826A /* Products */;
			projectDirPath = "";
			projectRoot = "";
			targets = (
				B90C8B3C28EC9777003D826A /* UUIDs Generator */,
			);
		};
/* End PBXProject section */

/* Begin PBXResourcesBuildPhase section */
		B90C8B3B28EC9777003D826A /* Resources */ = {
			isa = PBXResourcesBuildPhase;
			buildActionMask = 2147483647;
			files = (
				B90C8B4D28EC977A003D826A /* LaunchScreen.storyboard in Resources */,
				B90C8B4A28EC977A003D826A /* Assets.xcassets in Resources */,
				B90C8B5528EC9994003D826A /* store_icon.png in Resources */,
				B90C8B4828EC9777003D826A /* Main.storyboard in Resources */,
			);
			runOnlyForDeploymentPostprocessing = 0;
		};
/* End PBXResourcesBuildPhase section */

/* Begin PBXShellScriptBuildPhase section */
		AB85048A6C85A0013E2373CB /* [CP] Embed Pods Frameworks */ = {
			isa = PBXShellScriptBuildPhase;
			buildActionMask = 2147483647;
			files = (
			);
			inputFileListPaths = (
				"${PODS_ROOT}/Target Support Files/Pods-UUIDs Generator/Pods-UUIDs Generator-frameworks-${CONFIGURATION}-input-files.xcfilelist",
			);
			name = "[CP] Embed Pods Frameworks";
			outputFileListPaths = (
				"${PODS_ROOT}/Target Support Files/Pods-UUIDs Generator/Pods-UUIDs Generator-frameworks-${CONFIGURATION}-output-files.xcfilelist",
			);
			runOnlyForDeploymentPostprocessing = 0;
			shellPath = /bin/sh;
			shellScript = "\"${PODS_ROOT}/Target Support Files/Pods-UUIDs Generator/Pods-UUIDs Generator-frameworks.sh\"\n";
			showEnvVarsInLog = 0;
		};
		D016C30BF1D4428FD575E887 /* [CP] Check Pods Manifest.lock */ = {
			isa = PBXShellScriptBuildPhase;
			buildActionMask = 2147483647;
			files = (
			);
			inputFileListPaths = (
			);
			inputPaths = (
				"${PODS_PODFILE_DIR_PATH}/Podfile.lock",
				"${PODS_ROOT}/Manifest.lock",
			);
			name = "[CP] Check Pods Manifest.lock";
			outputFileListPaths = (
			);
			outputPaths = (
				"$(DERIVED_FILE_DIR)/Pods-UUIDs Generator-checkManifestLockResult.txt",
			);
			runOnlyForDeploymentPostprocessing = 0;
			shellPath = /bin/sh;
			shellScript = "diff \"${PODS_PODFILE_DIR_PATH}/Podfile.lock\" \"${PODS_ROOT}/Manifest.lock\" > /dev/null\nif [ $? != 0 ] ; then\n    # print error to STDERR\n    echo \"error: The sandbox is not in sync with the Podfile.lock. Run 'pod install' or update your CocoaPods installation.\" >&2\n    exit 1\nfi\n# This output is used by Xcode 'outputs' to avoid re-running this script phase.\necho \"SUCCESS\" > \"${SCRIPT_OUTPUT_FILE_0}\"\n";
			showEnvVarsInLog = 0;
		};
/* End PBXShellScriptBuildPhase section */

/* Begin PBXSourcesBuildPhase section */
		B90C8B3928EC9777003D826A /* Sources */ = {
			isa = PBXSourcesBuildPhase;
			buildActionMask = 2147483647;
			files = (
				B90C8B4528EC9777003D826A /* ViewController.swift in Sources */,
				B90C8B4128EC9777003D826A /* AppDelegate.swift in Sources */,
				B90C8B4328EC9777003D826A /* SceneDelegate.swift in Sources */,
			);
			runOnlyForDeploymentPostprocessing = 0;
		};
/* End PBXSourcesBuildPhase section */

/* Begin PBXVariantGroup section */
		B90C8B4628EC9777003D826A /* Main.storyboard */ = {
			isa = PBXVariantGroup;
			children = (
				B90C8B4728EC9777003D826A /* Base */,
			);
			name = Main.storyboard;
			sourceTree = "<group>";
		};
		B90C8B4B28EC977A003D826A /* LaunchScreen.storyboard */ = {
			isa = PBXVariantGroup;
			children = (
				B90C8B4C28EC977A003D826A /* Base */,
			);
			name = LaunchScreen.storyboard;
			sourceTree = "<group>";
		};
/* End PBXVariantGroup section */

/* Begin XCBuildConfiguration section */
		B90C8B4F28EC977A003D826A /* Debug */ = {
			isa = XCBuildConfiguration;
			buildSettings = {
				ALWAYS_SEARCH_USER_PATHS = NO;
				CLANG_ANALYZER_NONNULL = YES;
				CLANG_ANALYZER_NUMBER_OBJECT_CONVERSION = YES_AGGRESSIVE;
				CLANG_CXX_LANGUAGE_STANDARD = "gnu++17";
				CLANG_CXX_LIBRARY = "libc++";
				CLANG_ENABLE_MODULES = YES;
				CLANG_ENABLE_OBJC_ARC = YES;
				CLANG_ENABLE_OBJC_WEAK = YES;
				CLANG_WARN_BLOCK_CAPTURE_AUTORELEASING = YES;
				CLANG_WARN_BOOL_CONVERSION = YES;
				CLANG_WARN_COMMA = YES;
				CLANG_WARN_CONSTANT_CONVERSION = YES;
				CLANG_WARN_DEPRECATED_OBJC_IMPLEMENTATIONS = YES;
				CLANG_WARN_DIRECT_OBJC_ISA_USAGE = YES_ERROR;
				CLANG_WARN_DOCUMENTATION_COMMENTS = YES;
				CLANG_WARN_EMPTY_BODY = YES;
				CLANG_WARN_ENUM_CONVERSION = YES;
				CLANG_WARN_INFINITE_RECURSION = YES;
				CLANG_WARN_INT_CONVERSION = YES;
				CLANG_WARN_NON_LITERAL_NULL_CONVERSION = YES;
				CLANG_WARN_OBJC_IMPLICIT_RETAIN_SELF = YES;
				CLANG_WARN_OBJC_LITERAL_CONVERSION = YES;
				CLANG_WARN_OBJC_ROOT_CLASS = YES_ERROR;
				CLANG_WARN_QUOTED_INCLUDE_IN_FRAMEWORK_HEADER = YES;
				CLANG_WARN_RANGE_LOOP_ANALYSIS = YES;
				CLANG_WARN_STRICT_PROTOTYPES = YES;
				CLANG_WARN_SUSPICIOUS_MOVE = YES;
				CLANG_WARN_UNGUARDED_AVAILABILITY = YES_AGGRESSIVE;
				CLANG_WARN_UNREACHABLE_CODE = YES;
				CLANG_WARN__DUPLICATE_METHOD_MATCH = YES;
				COPY_PHASE_STRIP = NO;
				DEBUG_INFORMATION_FORMAT = dwarf;
				ENABLE_STRICT_OBJC_MSGSEND = YES;
				ENABLE_TESTABILITY = YES;
				GCC_C_LANGUAGE_STANDARD = gnu11;
				GCC_DYNAMIC_NO_PIC = NO;
				GCC_NO_COMMON_BLOCKS = YES;
				GCC_OPTIMIZATION_LEVEL = 0;
				GCC_PREPROCESSOR_DEFINITIONS = (
					"DEBUG=1",
					"$(inherited)",
				);
				GCC_WARN_64_TO_32_BIT_CONVERSION = YES;
				GCC_WARN_ABOUT_RETURN_TYPE = YES_ERROR;
				GCC_WARN_UNDECLARED_SELECTOR = YES;
				GCC_WARN_UNINITIALIZED_AUTOS = YES_AGGRESSIVE;
				GCC_WARN_UNUSED_FUNCTION = YES;
				GCC_WARN_UNUSED_VARIABLE = YES;
				IPHONEOS_DEPLOYMENT_TARGET = 15.2;
				MTL_ENABLE_DEBUG_INFO = INCLUDE_SOURCE;
				MTL_FAST_MATH = YES;
				ONLY_ACTIVE_ARCH = YES;
				SDKROOT = iphoneos;
				SWIFT_ACTIVE_COMPILATION_CONDITIONS = DEBUG;
				SWIFT_OPTIMIZATION_LEVEL = "-Onone";
			};
			name = Debug;
		};
		B90C8B5028EC977A003D826A /* Release */ = {
			isa = XCBuildConfiguration;
			buildSettings = {
				ALWAYS_SEARCH_USER_PATHS = NO;
				CLANG_ANALYZER_NONNULL = YES;
				CLANG_ANALYZER_NUMBER_OBJECT_CONVERSION = YES_AGGRESSIVE;
				CLANG_CXX_LANGUAGE_STANDARD = "gnu++17";
				CLANG_CXX_LIBRARY = "libc++";
				CLANG_ENABLE_MODULES = YES;
				CLANG_ENABLE_OBJC_ARC = YES;
				CLANG_ENABLE_OBJC_WEAK = YES;
				CLANG_WARN_BLOCK_CAPTURE_AUTORELEASING = YES;
				CLANG_WARN_BOOL_CONVERSION = YES;
				CLANG_WARN_COMMA = YES;
				CLANG_WARN_CONSTANT_CONVERSION = YES;
				CLANG_WARN_DEPRECATED_OBJC_IMPLEMENTATIONS = YES;
				CLANG_WARN_DIRECT_OBJC_ISA_USAGE = YES_ERROR;
				CLANG_WARN_DOCUMENTATION_COMMENTS = YES;
				CLANG_WARN_EMPTY_BODY = YES;
				CLANG_WARN_ENUM_CONVERSION = YES;
				CLANG_WARN_INFINITE_RECURSION = YES;
				CLANG_WARN_INT_CONVERSION = YES;
				CLANG_WARN_NON_LITERAL_NULL_CONVERSION = YES;
				CLANG_WARN_OBJC_IMPLICIT_RETAIN_SELF = YES;
				CLANG_WARN_OBJC_LITERAL_CONVERSION = YES;
				CLANG_WARN_OBJC_ROOT_CLASS = YES_ERROR;
				CLANG_WARN_QUOTED_INCLUDE_IN_FRAMEWORK_HEADER = YES;
				CLANG_WARN_RANGE_LOOP_ANALYSIS = YES;
				CLANG_WARN_STRICT_PROTOTYPES = YES;
				CLANG_WARN_SUSPICIOUS_MOVE = YES;
				CLANG_WARN_UNGUARDED_AVAILABILITY = YES_AGGRESSIVE;
				CLANG_WARN_UNREACHABLE_CODE = YES;
				CLANG_WARN__DUPLICATE_METHOD_MATCH = YES;
				COPY_PHASE_STRIP = NO;
				DEBUG_INFORMATION_FORMAT = "dwarf-with-dsym";
				ENABLE_NS_ASSERTIONS = NO;
				ENABLE_STRICT_OBJC_MSGSEND = YES;
				GCC_C_LANGUAGE_STANDARD = gnu11;
				GCC_NO_COMMON_BLOCKS = YES;
				GCC_WARN_64_TO_32_BIT_CONVERSION = YES;
				GCC_WARN_ABOUT_RETURN_TYPE = YES_ERROR;
				GCC_WARN_UNDECLARED_SELECTOR = YES;
				GCC_WARN_UNINITIALIZED_AUTOS = YES_AGGRESSIVE;
				GCC_WARN_UNUSED_FUNCTION = YES;
				GCC_WARN_UNUSED_VARIABLE = YES;
				IPHONEOS_DEPLOYMENT_TARGET = 15.2;
				MTL_ENABLE_DEBUG_INFO = NO;
				MTL_FAST_MATH = YES;
				SDKROOT = iphoneos;
				SWIFT_COMPILATION_MODE = wholemodule;
				SWIFT_OPTIMIZATION_LEVEL = "-O";
				VALIDATE_PRODUCT = YES;
			};
			name = Release;
		};
		B90C8B5228EC977A003D826A /* Debug */ = {
			isa = XCBuildConfiguration;
			baseConfigurationReference = 62C75841901C16C6FD830718 /* Pods-UUIDs Generator.debug.xcconfig */;
			buildSettings = {
				ASSETCATALOG_COMPILER_APPICON_NAME = AppIcon;
				ASSETCATALOG_COMPILER_GLOBAL_ACCENT_COLOR_NAME = AccentColor;
				CODE_SIGN_STYLE = Automatic;
				CURRENT_PROJECT_VERSION = 4;
				DEVELOPMENT_TEAM = HNRK32U6CL;
				GENERATE_INFOPLIST_FILE = YES;
				INFOPLIST_FILE = "UUIDs Generator/Info.plist";
				INFOPLIST_KEY_UIApplicationSupportsIndirectInputEvents = YES;
				INFOPLIST_KEY_UILaunchStoryboardName = LaunchScreen;
				INFOPLIST_KEY_UIMainStoryboardFile = Main;
				INFOPLIST_KEY_UISupportedInterfaceOrientations_iPad = "UIInterfaceOrientationPortrait UIInterfaceOrientationPortraitUpsideDown UIInterfaceOrientationLandscapeLeft UIInterfaceOrientationLandscapeRight";
				INFOPLIST_KEY_UISupportedInterfaceOrientations_iPhone = "UIInterfaceOrientationPortrait UIInterfaceOrientationLandscapeLeft UIInterfaceOrientationLandscapeRight";
				LD_RUNPATH_SEARCH_PATHS = (
					"$(inherited)",
					"@executable_path/Frameworks",
				);
				MARKETING_VERSION = 1.0.3;
				PRODUCT_BUNDLE_IDENTIFIER = app.jl.uuid.generator;
				PRODUCT_NAME = "$(TARGET_NAME)";
				SWIFT_EMIT_LOC_STRINGS = YES;
				SWIFT_VERSION = 5.0;
				TARGETED_DEVICE_FAMILY = "1,2";
			};
			name = Debug;
		};
		B90C8B5328EC977A003D826A /* Release */ = {
			isa = XCBuildConfiguration;
			baseConfigurationReference = 962A6B1EA2B6B031E72F9D92 /* Pods-UUIDs Generator.release.xcconfig */;
			buildSettings = {
				ASSETCATALOG_COMPILER_APPICON_NAME = AppIcon;
				ASSETCATALOG_COMPILER_GLOBAL_ACCENT_COLOR_NAME = AccentColor;
				CODE_SIGN_STYLE = Automatic;
				CURRENT_PROJECT_VERSION = 4;
				DEVELOPMENT_TEAM = HNRK32U6CL;
				GENERATE_INFOPLIST_FILE = YES;
				INFOPLIST_FILE = "UUIDs Generator/Info.plist";
				INFOPLIST_KEY_UIApplicationSupportsIndirectInputEvents = YES;
				INFOPLIST_KEY_UILaunchStoryboardName = LaunchScreen;
				INFOPLIST_KEY_UIMainStoryboardFile = Main;
				INFOPLIST_KEY_UISupportedInterfaceOrientations_iPad = "UIInterfaceOrientationPortrait UIInterfaceOrientationPortraitUpsideDown UIInterfaceOrientationLandscapeLeft UIInterfaceOrientationLandscapeRight";
				INFOPLIST_KEY_UISupportedInterfaceOrientations_iPhone = "UIInterfaceOrientationPortrait UIInterfaceOrientationLandscapeLeft UIInterfaceOrientationLandscapeRight";
				LD_RUNPATH_SEARCH_PATHS = (
					"$(inherited)",
					"@executable_path/Frameworks",
				);
				MARKETING_VERSION = 1.0.3;
				PRODUCT_BUNDLE_IDENTIFIER = app.jl.uuid.generator;
				PRODUCT_NAME = "$(TARGET_NAME)";
				SWIFT_EMIT_LOC_STRINGS = YES;
				SWIFT_VERSION = 5.0;
				TARGETED_DEVICE_FAMILY = "1,2";
			};
			name = Release;
		};
/* End XCBuildConfiguration section */

/* Begin XCConfigurationList section */
		B90C8B3828EC9777003D826A /* Build configuration list for PBXProject "UUIDs Generator" */ = {
			isa = XCConfigurationList;
			buildConfigurations = (
				B90C8B4F28EC977A003D826A /* Debug */,
				B90C8B5028EC977A003D826A /* Release */,
			);
			defaultConfigurationIsVisible = 0;
			defaultConfigurationName = Release;
		};
		B90C8B5128EC977A003D826A /* Build configuration list for PBXNativeTarget "UUIDs Generator" */ = {
			isa = XCConfigurationList;
			buildConfigurations = (
				B90C8B5228EC977A003D826A /* Debug */,
				B90C8B5328EC977A003D826A /* Release */,
			);
			defaultConfigurationIsVisible = 0;
			defaultConfigurationName = Release;
		};
/* End XCConfigurationList section */
	};
	rootObject = B90C8B3528EC9777003D826A /* Project object */;
}
